// !$*UTF8*$!
{
	archiveVersion = 1;
	classes = {
	};
	objectVersion = 56;
	objects = {

/* Begin PBXBuildFile section */
		C515B0612B8439C100259E7A /* AppDelegate.swift in Sources */ = {isa = PBXBuildFile; fileRef = C515B0602B8439C100259E7A /* AppDelegate.swift */; };
		C515B0632B8439C100259E7A /* SceneDelegate.swift in Sources */ = {isa = PBXBuildFile; fileRef = C515B0622B8439C100259E7A /* SceneDelegate.swift */; };
		C515B0652B8439C100259E7A /* ViewController.swift in Sources */ = {isa = PBXBuildFile; fileRef = C515B0642B8439C100259E7A /* ViewController.swift */; };
		C515B0682B8439C100259E7A /* Main.storyboard in Resources */ = {isa = PBXBuildFile; fileRef = C515B0662B8439C100259E7A /* Main.storyboard */; };
		C515B06A2B8439C200259E7A /* Assets.xcassets in Resources */ = {isa = PBXBuildFile; fileRef = C515B0692B8439C200259E7A /* Assets.xcassets */; };
		C515B06D2B8439C200259E7A /* LaunchScreen.storyboard in Resources */ = {isa = PBXBuildFile; fileRef = C515B06B2B8439C200259E7A /* LaunchScreen.storyboard */; };
/* End PBXBuildFile section */

/* Begin PBXContainerItemProxy section */
		C5A78F452B85CBEB003ED099 /* PBXContainerItemProxy */ = {
			isa = PBXContainerItemProxy;
			containerPortal = C5A78F412B85CBEB003ED099 /* SwiftComponent.xcodeproj */;
			proxyType = 2;
			remoteGlobalIDString = C54A2B662B81E62E005E2159;
			remoteInfo = SwiftComponent;
		};
		C5A78F472B85CC06003ED099 /* PBXContainerItemProxy */ = {
			isa = PBXContainerItemProxy;
			containerPortal = C5A78F412B85CBEB003ED099 /* SwiftComponent.xcodeproj */;
			proxyType = 1;
			remoteGlobalIDString = C54A2B652B81E62E005E2159;
			remoteInfo = SwiftComponent;
		};
/* End PBXContainerItemProxy section */

/* Begin PBXFileReference section */
		C515B05D2B8439C100259E7A /* TextViewExample.app */ = {isa = PBXFileReference; explicitFileType = wrapper.application; includeInIndex = 0; path = TextViewExample.app; sourceTree = BUILT_PRODUCTS_DIR; };
		C515B0602B8439C100259E7A /* AppDelegate.swift */ = {isa = PBXFileReference; lastKnownFileType = sourcecode.swift; path = AppDelegate.swift; sourceTree = "<group>"; };
		C515B0622B8439C100259E7A /* SceneDelegate.swift */ = {isa = PBXFileReference; lastKnownFileType = sourcecode.swift; path = SceneDelegate.swift; sourceTree = "<group>"; };
		C515B0642B8439C100259E7A /* ViewController.swift */ = {isa = PBXFileReference; lastKnownFileType = sourcecode.swift; path = ViewController.swift; sourceTree = "<group>"; };
		C515B0672B8439C100259E7A /* Base */ = {isa = PBXFileReference; lastKnownFileType = file.storyboard; name = Base; path = Base.lproj/Main.storyboard; sourceTree = "<group>"; };
		C515B0692B8439C200259E7A /* Assets.xcassets */ = {isa = PBXFileReference; lastKnownFileType = folder.assetcatalog; path = Assets.xcassets; sourceTree = "<group>"; };
		C515B06C2B8439C200259E7A /* Base */ = {isa = PBXFileReference; lastKnownFileType = file.storyboard; name = Base; path = Base.lproj/LaunchScreen.storyboard; sourceTree = "<group>"; };
		C515B06E2B8439C200259E7A /* Info.plist */ = {isa = PBXFileReference; lastKnownFileType = text.plist.xml; path = Info.plist; sourceTree = "<group>"; };
		C5A78F412B85CBEB003ED099 /* SwiftComponent.xcodeproj */ = {isa = PBXFileReference; lastKnownFileType = "wrapper.pb-project"; name = SwiftComponent.xcodeproj; path = ../SwiftComponent/SwiftComponent.xcodeproj; sourceTree = "<group>"; };
/* End PBXFileReference section */

/* Begin PBXFrameworksBuildPhase section */
		C515B05A2B8439C100259E7A /* Frameworks */ = {
			isa = PBXFrameworksBuildPhase;
			buildActionMask = 2147483647;
			files = (
			);
			runOnlyForDeploymentPostprocessing = 0;
		};
/* End PBXFrameworksBuildPhase section */

/* Begin PBXGroup section */
		C515B0542B8439C100259E7A = {
			isa = PBXGroup;
			children = (
				C5A78F412B85CBEB003ED099 /* SwiftComponent.xcodeproj */,
				C515B05F2B8439C100259E7A /* TextViewExample */,
				C515B05E2B8439C100259E7A /* Products */,
			);
			sourceTree = "<group>";
		};
		C515B05E2B8439C100259E7A /* Products */ = {
			isa = PBXGroup;
			children = (
				C515B05D2B8439C100259E7A /* TextViewExample.app */,
			);
			name = Products;
			sourceTree = "<group>";
		};
		C515B05F2B8439C100259E7A /* TextViewExample */ = {
			isa = PBXGroup;
			children = (
				C515B0602B8439C100259E7A /* AppDelegate.swift */,
				C515B0622B8439C100259E7A /* SceneDelegate.swift */,
				C515B0642B8439C100259E7A /* ViewController.swift */,
				C515B0662B8439C100259E7A /* Main.storyboard */,
				C515B0692B8439C200259E7A /* Assets.xcassets */,
				C515B06B2B8439C200259E7A /* LaunchScreen.storyboard */,
				C515B06E2B8439C200259E7A /* Info.plist */,
			);
			path = TextViewExample;
			sourceTree = "<group>";
		};
		C5A78F422B85CBEB003ED099 /* Products */ = {
			isa = PBXGroup;
			children = (
				C5A78F462B85CBEB003ED099 /* SwiftComponent.framework */,
			);
			name = Products;
			sourceTree = "<group>";
		};
/* End PBXGroup section */

/* Begin PBXNativeTarget section */
		C515B05C2B8439C100259E7A /* TextViewExample */ = {
			isa = PBXNativeTarget;
			buildConfigurationList = C515B0712B8439C200259E7A /* Build configuration list for PBXNativeTarget "TextViewExample" */;
			buildPhases = (
				C515B0592B8439C100259E7A /* Sources */,
				C515B05A2B8439C100259E7A /* Frameworks */,
				C515B05B2B8439C100259E7A /* Resources */,
			);
			buildRules = (
			);
			dependencies = (
				C5A78F482B85CC06003ED099 /* PBXTargetDependency */,
			);
			name = TextViewExample;
			productName = TextViewExample;
			productReference = C515B05D2B8439C100259E7A /* TextViewExample.app */;
			productType = "com.apple.product-type.application";
		};
/* End PBXNativeTarget section */

/* Begin PBXProject section */
		C515B0552B8439C100259E7A /* Project object */ = {
			isa = PBXProject;
			attributes = {
				BuildIndependentTargetsInParallel = 1;
				LastSwiftUpdateCheck = 1510;
				LastUpgradeCheck = 1510;
				TargetAttributes = {
					C515B05C2B8439C100259E7A = {
						CreatedOnToolsVersion = 15.1;
					};
				};
			};
			buildConfigurationList = C515B0582B8439C100259E7A /* Build configuration list for PBXProject "TextViewExample" */;
			compatibilityVersion = "Xcode 14.0";
			developmentRegion = en;
			hasScannedForEncodings = 0;
			knownRegions = (
				en,
				Base,
			);
			mainGroup = C515B0542B8439C100259E7A;
			productRefGroup = C515B05E2B8439C100259E7A /* Products */;
			projectDirPath = "";
			projectReferences = (
				{
					ProductGroup = C5A78F422B85CBEB003ED099 /* Products */;
					ProjectRef = C5A78F412B85CBEB003ED099 /* SwiftComponent.xcodeproj */;
				},
			);
			projectRoot = "";
			targets = (
				C515B05C2B8439C100259E7A /* TextViewExample */,
			);
		};
/* End PBXProject section */

/* Begin PBXReferenceProxy section */
		C5A78F462B85CBEB003ED099 /* SwiftComponent.framework */ = {
			isa = PBXReferenceProxy;
			fileType = wrapper.framework;
			path = SwiftComponent.framework;
			remoteRef = C5A78F452B85CBEB003ED099 /* PBXContainerItemProxy */;
			sourceTree = BUILT_PRODUCTS_DIR;
		};
/* End PBXReferenceProxy section */

/* Begin PBXResourcesBuildPhase section */
		C515B05B2B8439C100259E7A /* Resources */ = {
			isa = PBXResourcesBuildPhase;
			buildActionMask = 2147483647;
			files = (
				C515B06D2B8439C200259E7A /* LaunchScreen.storyboard in Resources */,
				C515B06A2B8439C200259E7A /* Assets.xcassets in Resources */,
				C515B0682B8439C100259E7A /* Main.storyboard in Resources */,
			);
			runOnlyForDeploymentPostprocessing = 0;
		};
/* End PBXResourcesBuildPhase section */

/* Begin PBXSourcesBuildPhase section */
		C515B0592B8439C100259E7A /* Sources */ = {
			isa = PBXSourcesBuildPhase;
			buildActionMask = 2147483647;
			files = (
				C515B0652B8439C100259E7A /* ViewController.swift in Sources */,
				C515B0612B8439C100259E7A /* AppDelegate.swift in Sources */,
				C515B0632B8439C100259E7A /* SceneDelegate.swift in Sources */,
			);
			runOnlyForDeploymentPostprocessing = 0;
		};
/* End PBXSourcesBuildPhase section */

/* Begin PBXTargetDependency section */
		C5A78F482B85CC06003ED099 /* PBXTargetDependency */ = {
			isa = PBXTargetDependency;
			name = SwiftComponent;
			targetProxy = C5A78F472B85CC06003ED099 /* PBXContainerItemProxy */;
		};
/* End PBXTargetDependency section */

/* Begin PBXVariantGroup section */
		C515B0662B8439C100259E7A /* Main.storyboard */ = {
			isa = PBXVariantGroup;
			children = (
				C515B0672B8439C100259E7A /* Base */,
			);
			name = Main.storyboard;
			sourceTree = "<group>";
		};
		C515B06B2B8439C200259E7A /* LaunchScreen.storyboard */ = {
			isa = PBXVariantGroup;
			children = (
				C515B06C2B8439C200259E7A /* Base */,
			);
			name = LaunchScreen.storyboard;
			sourceTree = "<group>";
		};
/* End PBXVariantGroup section */

/* Begin XCBuildConfiguration section */
		C515B06F2B8439C200259E7A /* Debug */ = {
			isa = XCBuildConfiguration;
			buildSettings = {
				ALWAYS_SEARCH_USER_PATHS = NO;
				ASSETCATALOG_COMPILER_GENERATE_SWIFT_ASSET_SYMBOL_EXTENSIONS = YES;
				CLANG_ANALYZER_NONNULL = YES;
				CLANG_ANALYZER_NUMBER_OBJECT_CONVERSION = YES_AGGRESSIVE;
				CLANG_CXX_LANGUAGE_STANDARD = "gnu++20";
				CLANG_ENABLE_MODULES = YES;
				CLANG_ENABLE_OBJC_ARC = YES;
				CLANG_ENABLE_OBJC_WEAK = YES;
				CLANG_WARN_BLOCK_CAPTURE_AUTORELEASING = YES;
				CLANG_WARN_BOOL_CONVERSION = YES;
				CLANG_WARN_COMMA = YES;
				CLANG_WARN_CONSTANT_CONVERSION = YES;
				CLANG_WARN_DEPRECATED_OBJC_IMPLEMENTATIONS = YES;
				CLANG_WARN_DIRECT_OBJC_ISA_USAGE = YES_ERROR;
				CLANG_WARN_DOCUMENTATION_COMMENTS = YES;
				CLANG_WARN_EMPTY_BODY = YES;
				CLANG_WARN_ENUM_CONVERSION = YES;
				CLANG_WARN_INFINITE_RECURSION = YES;
				CLANG_WARN_INT_CONVERSION = YES;
				CLANG_WARN_NON_LITERAL_NULL_CONVERSION = YES;
				CLANG_WARN_OBJC_IMPLICIT_RETAIN_SELF = YES;
				CLANG_WARN_OBJC_LITERAL_CONVERSION = YES;
				CLANG_WARN_OBJC_ROOT_CLASS = YES_ERROR;
				CLANG_WARN_QUOTED_INCLUDE_IN_FRAMEWORK_HEADER = YES;
				CLANG_WARN_RANGE_LOOP_ANALYSIS = YES;
				CLANG_WARN_STRICT_PROTOTYPES = YES;
				CLANG_WARN_SUSPICIOUS_MOVE = YES;
				CLANG_WARN_UNGUARDED_AVAILABILITY = YES_AGGRESSIVE;
				CLANG_WARN_UNREACHABLE_CODE = YES;
				CLANG_WARN__DUPLICATE_METHOD_MATCH = YES;
				COPY_PHASE_STRIP = NO;
				DEBUG_INFORMATION_FORMAT = dwarf;
				ENABLE_STRICT_OBJC_MSGSEND = YES;
				ENABLE_TESTABILITY = YES;
				ENABLE_USER_SCRIPT_SANDBOXING = YES;
				GCC_C_LANGUAGE_STANDARD = gnu17;
				GCC_DYNAMIC_NO_PIC = NO;
				GCC_NO_COMMON_BLOCKS = YES;
				GCC_OPTIMIZATION_LEVEL = 0;
				GCC_PREPROCESSOR_DEFINITIONS = (
					"DEBUG=1",
					"$(inherited)",
				);
				GCC_WARN_64_TO_32_BIT_CONVERSION = YES;
				GCC_WARN_ABOUT_RETURN_TYPE = YES_ERROR;
				GCC_WARN_UNDECLARED_SELECTOR = YES;
				GCC_WARN_UNINITIALIZED_AUTOS = YES_AGGRESSIVE;
				GCC_WARN_UNUSED_FUNCTION = YES;
				GCC_WARN_UNUSED_VARIABLE = YES;
				IPHONEOS_DEPLOYMENT_TARGET = 17.2;
				LOCALIZATION_PREFERS_STRING_CATALOGS = YES;
				MTL_ENABLE_DEBUG_INFO = INCLUDE_SOURCE;
				MTL_FAST_MATH = YES;
				ONLY_ACTIVE_ARCH = YES;
				SDKROOT = iphoneos;
				SWIFT_ACTIVE_COMPILATION_CONDITIONS = "DEBUG $(inherited)";
				SWIFT_OPTIMIZATION_LEVEL = "-Onone";
			};
			name = Debug;
		};
		C515B0702B8439C200259E7A /* Release */ = {
			isa = XCBuildConfiguration;
			buildSettings = {
				ALWAYS_SEARCH_USER_PATHS = NO;
				ASSETCATALOG_COMPILER_GENERATE_SWIFT_ASSET_SYMBOL_EXTENSIONS = YES;
				CLANG_ANALYZER_NONNULL = YES;
				CLANG_ANALYZER_NUMBER_OBJECT_CONVERSION = YES_AGGRESSIVE;
				CLANG_CXX_LANGUAGE_STANDARD = "gnu++20";
				CLANG_ENABLE_MODULES = YES;
				CLANG_ENABLE_OBJC_ARC = YES;
				CLANG_ENABLE_OBJC_WEAK = YES;
				CLANG_WARN_BLOCK_CAPTURE_AUTORELEASING = YES;
				CLANG_WARN_BOOL_CONVERSION = YES;
				CLANG_WARN_COMMA = YES;
				CLANG_WARN_CONSTANT_CONVERSION = YES;
				CLANG_WARN_DEPRECATED_OBJC_IMPLEMENTATIONS = YES;
				CLANG_WARN_DIRECT_OBJC_ISA_USAGE = YES_ERROR;
				CLANG_WARN_DOCUMENTATION_COMMENTS = YES;
				CLANG_WARN_EMPTY_BODY = YES;
				CLANG_WARN_ENUM_CONVERSION = YES;
				CLANG_WARN_INFINITE_RECURSION = YES;
				CLANG_WARN_INT_CONVERSION = YES;
				CLANG_WARN_NON_LITERAL_NULL_CONVERSION = YES;
				CLANG_WARN_OBJC_IMPLICIT_RETAIN_SELF = YES;
				CLANG_WARN_OBJC_LITERAL_CONVERSION = YES;
				CLANG_WARN_OBJC_ROOT_CLASS = YES_ERROR;
				CLANG_WARN_QUOTED_INCLUDE_IN_FRAMEWORK_HEADER = YES;
				CLANG_WARN_RANGE_LOOP_ANALYSIS = YES;
				CLANG_WARN_STRICT_PROTOTYPES = YES;
				CLANG_WARN_SUSPICIOUS_MOVE = YES;
				CLANG_WARN_UNGUARDED_AVAILABILITY = YES_AGGRESSIVE;
				CLANG_WARN_UNREACHABLE_CODE = YES;
				CLANG_WARN__DUPLICATE_METHOD_MATCH = YES;
				COPY_PHASE_STRIP = NO;
				DEBUG_INFORMATION_FORMAT = "dwarf-with-dsym";
				ENABLE_NS_ASSERTIONS = NO;
				ENABLE_STRICT_OBJC_MSGSEND = YES;
				ENABLE_USER_SCRIPT_SANDBOXING = YES;
				GCC_C_LANGUAGE_STANDARD = gnu17;
				GCC_NO_COMMON_BLOCKS = YES;
				GCC_WARN_64_TO_32_BIT_CONVERSION = YES;
				GCC_WARN_ABOUT_RETURN_TYPE = YES_ERROR;
				GCC_WARN_UNDECLARED_SELECTOR = YES;
				GCC_WARN_UNINITIALIZED_AUTOS = YES_AGGRESSIVE;
				GCC_WARN_UNUSED_FUNCTION = YES;
				GCC_WARN_UNUSED_VARIABLE = YES;
				IPHONEOS_DEPLOYMENT_TARGET = 17.2;
				LOCALIZATION_PREFERS_STRING_CATALOGS = YES;
				MTL_ENABLE_DEBUG_INFO = NO;
				MTL_FAST_MATH = YES;
				SDKROOT = iphoneos;
				SWIFT_COMPILATION_MODE = wholemodule;
				VALIDATE_PRODUCT = YES;
			};
			name = Release;
		};
		C515B0722B8439C200259E7A /* Debug */ = {
			isa = XCBuildConfiguration;
			buildSettings = {
				ASSETCATALOG_COMPILER_APPICON_NAME = AppIcon;
				ASSETCATALOG_COMPILER_GLOBAL_ACCENT_COLOR_NAME = AccentColor;
				CODE_SIGN_STYLE = Automatic;
				CURRENT_PROJECT_VERSION = 1;
				GENERATE_INFOPLIST_FILE = YES;
				INFOPLIST_FILE = TextViewExample/Info.plist;
				INFOPLIST_KEY_UIApplicationSupportsIndirectInputEvents = YES;
				INFOPLIST_KEY_UILaunchStoryboardName = LaunchScreen;
				INFOPLIST_KEY_UIMainStoryboardFile = Main;
				INFOPLIST_KEY_UISupportedInterfaceOrientations_iPad = "UIInterfaceOrientationPortrait UIInterfaceOrientationPortraitUpsideDown UIInterfaceOrientationLandscapeLeft UIInterfaceOrientationLandscapeRight";
				INFOPLIST_KEY_UISupportedInterfaceOrientations_iPhone = "UIInterfaceOrientationPortrait UIInterfaceOrientationLandscapeLeft UIInterfaceOrientationLandscapeRight";
				LD_RUNPATH_SEARCH_PATHS = (
					"$(inherited)",
					"@executable_path/Frameworks",
				);
				MARKETING_VERSION = 1.0;
				PRODUCT_BUNDLE_IDENTIFIER = com.unnoo.quan.TextViewExample;
				PRODUCT_NAME = "$(TARGET_NAME)";
				SWIFT_EMIT_LOC_STRINGS = YES;
				SWIFT_VERSION = 5.0;
				TARGETED_DEVICE_FAMILY = "1,2";
			};
			name = Debug;
		};
		C515B0732B8439C200259E7A /* Release */ = {
			isa = XCBuildConfiguration;
			buildSettings = {
				ASSETCATALOG_COMPILER_APPICON_NAME = AppIcon;
				ASSETCATALOG_COMPILER_GLOBAL_ACCENT_COLOR_NAME = AccentColor;
				CODE_SIGN_STYLE = Automatic;
				CURRENT_PROJECT_VERSION = 1;
				GENERATE_INFOPLIST_FILE = YES;
				INFOPLIST_FILE = TextViewExample/Info.plist;
				INFOPLIST_KEY_UIApplicationSupportsIndirectInputEvents = YES;
				INFOPLIST_KEY_UILaunchStoryboardName = LaunchScreen;
				INFOPLIST_KEY_UIMainStoryboardFile = Main;
				INFOPLIST_KEY_UISupportedInterfaceOrientations_iPad = "UIInterfaceOrientationPortrait UIInterfaceOrientationPortraitUpsideDown UIInterfaceOrientationLandscapeLeft UIInterfaceOrientationLandscapeRight";
				INFOPLIST_KEY_UISupportedInterfaceOrientations_iPhone = "UIInterfaceOrientationPortrait UIInterfaceOrientationLandscapeLeft UIInterfaceOrientationLandscapeRight";
				LD_RUNPATH_SEARCH_PATHS = (
					"$(inherited)",
					"@executable_path/Frameworks",
				);
				MARKETING_VERSION = 1.0;
				PRODUCT_BUNDLE_IDENTIFIER = com.unnoo.quan.TextViewExample;
				PRODUCT_NAME = "$(TARGET_NAME)";
				SWIFT_EMIT_LOC_STRINGS = YES;
				SWIFT_VERSION = 5.0;
				TARGETED_DEVICE_FAMILY = "1,2";
			};
			name = Release;
		};
/* End XCBuildConfiguration section */

/* Begin XCConfigurationList section */
		C515B0582B8439C100259E7A /* Build configuration list for PBXProject "TextViewExample" */ = {
			isa = XCConfigurationList;
			buildConfigurations = (
				C515B06F2B8439C200259E7A /* Debug */,
				C515B0702B8439C200259E7A /* Release */,
			);
			defaultConfigurationIsVisible = 0;
			defaultConfigurationName = Release;
		};
		C515B0712B8439C200259E7A /* Build configuration list for PBXNativeTarget "TextViewExample" */ = {
			isa = XCConfigurationList;
			buildConfigurations = (
				C515B0722B8439C200259E7A /* Debug */,
				C515B0732B8439C200259E7A /* Release */,
			);
			defaultConfigurationIsVisible = 0;
			defaultConfigurationName = Release;
		};
/* End XCConfigurationList section */
	};
	rootObject = C515B0552B8439C100259E7A /* Project object */;
}
