// !$*UTF8*$!
{
	archiveVersion = 1;
	classes = {
	};
	objectVersion = 56;
	objects = {

/* Begin PBXBuildFile section */
		C51D7C632BA93D5B00709C71 /* UnitTest.swift in Sources */ = {isa = PBXBuildFile; fileRef = C51D7C622BA93D5B00709C71 /* UnitTest.swift */; };
		C52F7C752BA9277700374C7F /* SwiftComponentExampleTests.swift in Sources */ = {isa = PBXBuildFile; fileRef = C52F7C742BA9277700374C7F /* SwiftComponentExampleTests.swift */; };
		C54144FE2BD89B72002C1658 /* main.cpp in Sources */ = {isa = PBXBuildFile; fileRef = C54144FD2BD89B72002C1658 /* main.cpp */; };
		C541453E2BD94059002C1658 /* main.swift in Sources */ = {isa = PBXBuildFile; fileRef = C541453D2BD94059002C1658 /* main.swift */; };
		C54145452BD9E88B002C1658 /* Utils.cpp in Sources */ = {isa = PBXBuildFile; fileRef = C54145432BD9E88B002C1658 /* Utils.cpp */; };
		C54A2B802B81E95C005E2159 /* AppDelegate.swift in Sources */ = {isa = PBXBuildFile; fileRef = C54A2B7F2B81E95C005E2159 /* AppDelegate.swift */; };
		C54A2B822B81E95C005E2159 /* SceneDelegate.swift in Sources */ = {isa = PBXBuildFile; fileRef = C54A2B812B81E95C005E2159 /* SceneDelegate.swift */; };
		C54A2B872B81E95C005E2159 /* Main.storyboard in Resources */ = {isa = PBXBuildFile; fileRef = C54A2B852B81E95C005E2159 /* Main.storyboard */; };
		C54A2B892B81E95D005E2159 /* Assets.xcassets in Resources */ = {isa = PBXBuildFile; fileRef = C54A2B882B81E95D005E2159 /* Assets.xcassets */; };
		C54A2B8C2B81E95D005E2159 /* LaunchScreen.storyboard in Resources */ = {isa = PBXBuildFile; fileRef = C54A2B8A2B81E95D005E2159 /* LaunchScreen.storyboard */; };
		C54A2B9E2B81EC95005E2159 /* MainViewController.swift in Sources */ = {isa = PBXBuildFile; fileRef = C54A2B9D2B81EC95005E2159 /* MainViewController.swift */; };
		C54A2BA22B81ED0D005E2159 /* UserProfileViewController.swift in Sources */ = {isa = PBXBuildFile; fileRef = C54A2BA12B81ED0D005E2159 /* UserProfileViewController.swift */; };
		C59D8E5B2BCD21070023A60E /* DetailViewController.swift in Sources */ = {isa = PBXBuildFile; fileRef = C59D8E5A2BCD21070023A60E /* DetailViewController.swift */; };
/* End PBXBuildFile section */

/* Begin PBXContainerItemProxy section */
		C52F7C762BA9277700374C7F /* PBXContainerItemProxy */ = {
			isa = PBXContainerItemProxy;
			containerPortal = C54A2B742B81E95C005E2159 /* Project object */;
			proxyType = 1;
			remoteGlobalIDString = C54A2B7B2B81E95C005E2159;
			remoteInfo = SwiftComponentExample;
		};
		C54A2B972B81E9B1005E2159 /* PBXContainerItemProxy */ = {
			isa = PBXContainerItemProxy;
			containerPortal = C54A2B932B81E9B0005E2159 /* SwiftComponent.xcodeproj */;
			proxyType = 2;
			remoteGlobalIDString = C54A2B662B81E62E005E2159;
			remoteInfo = SwiftComponent;
		};
		C54A2B992B81E9BF005E2159 /* PBXContainerItemProxy */ = {
			isa = PBXContainerItemProxy;
			containerPortal = C54A2B932B81E9B0005E2159 /* SwiftComponent.xcodeproj */;
			proxyType = 1;
			remoteGlobalIDString = C54A2B652B81E62E005E2159;
			remoteInfo = SwiftComponent;
		};
/* End PBXContainerItemProxy section */

/* Begin PBXCopyFilesBuildPhase section */
		C54144F92BD89B72002C1658 /* CopyFiles */ = {
			isa = PBXCopyFilesBuildPhase;
			buildActionMask = 2147483647;
			dstPath = /usr/share/man/man1/;
			dstSubfolderSpec = 0;
			files = (
			);
			runOnlyForDeploymentPostprocessing = 1;
		};
		C54145392BD94059002C1658 /* CopyFiles */ = {
			isa = PBXCopyFilesBuildPhase;
			buildActionMask = 2147483647;
			dstPath = /usr/share/man/man1/;
			dstSubfolderSpec = 0;
			files = (
			);
			runOnlyForDeploymentPostprocessing = 1;
		};
/* End PBXCopyFilesBuildPhase section */

/* Begin PBXFileReference section */
		C51D7C622BA93D5B00709C71 /* UnitTest.swift */ = {isa = PBXFileReference; lastKnownFileType = sourcecode.swift; path = UnitTest.swift; sourceTree = "<group>"; };
		C52F7C722BA9277700374C7F /* SwiftComponentExampleTests.xctest */ = {isa = PBXFileReference; explicitFileType = wrapper.cfbundle; includeInIndex = 0; path = SwiftComponentExampleTests.xctest; sourceTree = BUILT_PRODUCTS_DIR; };
		C52F7C742BA9277700374C7F /* SwiftComponentExampleTests.swift */ = {isa = PBXFileReference; lastKnownFileType = sourcecode.swift; path = SwiftComponentExampleTests.swift; sourceTree = "<group>"; };
		C54144FB2BD89B72002C1658 /* MainC++ */ = {isa = PBXFileReference; explicitFileType = "compiled.mach-o.executable"; includeInIndex = 0; path = "MainC++"; sourceTree = BUILT_PRODUCTS_DIR; };
		C54144FD2BD89B72002C1658 /* main.cpp */ = {isa = PBXFileReference; lastKnownFileType = sourcecode.cpp.cpp; path = main.cpp; sourceTree = "<group>"; };
		C541453B2BD94059002C1658 /* MainSwift */ = {isa = PBXFileReference; explicitFileType = "compiled.mach-o.executable"; includeInIndex = 0; path = MainSwift; sourceTree = BUILT_PRODUCTS_DIR; };
		C541453D2BD94059002C1658 /* main.swift */ = {isa = PBXFileReference; lastKnownFileType = sourcecode.swift; path = main.swift; sourceTree = "<group>"; };
		C54145432BD9E88B002C1658 /* Utils.cpp */ = {isa = PBXFileReference; lastKnownFileType = sourcecode.cpp.cpp; path = Utils.cpp; sourceTree = "<group>"; };
		C54145442BD9E88B002C1658 /* Utils.hpp */ = {isa = PBXFileReference; lastKnownFileType = sourcecode.cpp.h; path = Utils.hpp; sourceTree = "<group>"; };
		C54145462BD9E905002C1658 /* Header.h */ = {isa = PBXFileReference; lastKnownFileType = sourcecode.c.h; path = Header.h; sourceTree = "<group>"; };
		C54A2B7C2B81E95C005E2159 /* SwiftComponentExample.app */ = {isa = PBXFileReference; explicitFileType = wrapper.application; includeInIndex = 0; path = SwiftComponentExample.app; sourceTree = BUILT_PRODUCTS_DIR; };
		C54A2B7F2B81E95C005E2159 /* AppDelegate.swift */ = {isa = PBXFileReference; lastKnownFileType = sourcecode.swift; path = AppDelegate.swift; sourceTree = "<group>"; };
		C54A2B812B81E95C005E2159 /* SceneDelegate.swift */ = {isa = PBXFileReference; lastKnownFileType = sourcecode.swift; path = SceneDelegate.swift; sourceTree = "<group>"; };
		C54A2B862B81E95C005E2159 /* Base */ = {isa = PBXFileReference; lastKnownFileType = file.storyboard; name = Base; path = Base.lproj/Main.storyboard; sourceTree = "<group>"; };
		C54A2B882B81E95D005E2159 /* Assets.xcassets */ = {isa = PBXFileReference; lastKnownFileType = folder.assetcatalog; path = Assets.xcassets; sourceTree = "<group>"; };
		C54A2B8B2B81E95D005E2159 /* Base */ = {isa = PBXFileReference; lastKnownFileType = file.storyboard; name = Base; path = Base.lproj/LaunchScreen.storyboard; sourceTree = "<group>"; };
		C54A2B8D2B81E95D005E2159 /* Info.plist */ = {isa = PBXFileReference; lastKnownFileType = text.plist.xml; path = Info.plist; sourceTree = "<group>"; };
		C54A2B932B81E9B0005E2159 /* SwiftComponent.xcodeproj */ = {isa = PBXFileReference; lastKnownFileType = "wrapper.pb-project"; name = SwiftComponent.xcodeproj; path = ../SwiftComponent/SwiftComponent.xcodeproj; sourceTree = "<group>"; };
		C54A2B9D2B81EC95005E2159 /* MainViewController.swift */ = {isa = PBXFileReference; lastKnownFileType = sourcecode.swift; path = MainViewController.swift; sourceTree = "<group>"; };
		C54A2BA12B81ED0D005E2159 /* UserProfileViewController.swift */ = {isa = PBXFileReference; lastKnownFileType = sourcecode.swift; path = UserProfileViewController.swift; sourceTree = "<group>"; };
		C59D8E5A2BCD21070023A60E /* DetailViewController.swift */ = {isa = PBXFileReference; lastKnownFileType = sourcecode.swift; path = DetailViewController.swift; sourceTree = "<group>"; };
/* End PBXFileReference section */

/* Begin PBXFrameworksBuildPhase section */
		C52F7C6F2BA9277700374C7F /* Frameworks */ = {
			isa = PBXFrameworksBuildPhase;
			buildActionMask = 2147483647;
			files = (
			);
			runOnlyForDeploymentPostprocessing = 0;
		};
		C54144F82BD89B72002C1658 /* Frameworks */ = {
			isa = PBXFrameworksBuildPhase;
			buildActionMask = 2147483647;
			files = (
			);
			runOnlyForDeploymentPostprocessing = 0;
		};
		C54145382BD94059002C1658 /* Frameworks */ = {
			isa = PBXFrameworksBuildPhase;
			buildActionMask = 2147483647;
			files = (
			);
			runOnlyForDeploymentPostprocessing = 0;
		};
		C54A2B792B81E95C005E2159 /* Frameworks */ = {
			isa = PBXFrameworksBuildPhase;
			buildActionMask = 2147483647;
			files = (
			);
			runOnlyForDeploymentPostprocessing = 0;
		};
/* End PBXFrameworksBuildPhase section */

/* Begin PBXGroup section */
		C52F7C732BA9277700374C7F /* SwiftComponentExampleTests */ = {
			isa = PBXGroup;
			children = (
				C52F7C742BA9277700374C7F /* SwiftComponentExampleTests.swift */,
			);
			path = SwiftComponentExampleTests;
			sourceTree = "<group>";
		};
		C54144FC2BD89B72002C1658 /* MainC++ */ = {
			isa = PBXGroup;
			children = (
				C54145422BD9E877002C1658 /* Template */,
				C54144FD2BD89B72002C1658 /* main.cpp */,
				C54145462BD9E905002C1658 /* Header.h */,
			);
			path = "MainC++";
			sourceTree = "<group>";
		};
		C541453C2BD94059002C1658 /* MainSwift */ = {
			isa = PBXGroup;
			children = (
				C541453D2BD94059002C1658 /* main.swift */,
			);
			path = MainSwift;
			sourceTree = "<group>";
		};
		C54145422BD9E877002C1658 /* Template */ = {
			isa = PBXGroup;
			children = (
				C54145432BD9E88B002C1658 /* Utils.cpp */,
				C54145442BD9E88B002C1658 /* Utils.hpp */,
			);
			path = Template;
			sourceTree = "<group>";
		};
		C54A2B732B81E95C005E2159 = {
			isa = PBXGroup;
			children = (
				C54A2B932B81E9B0005E2159 /* SwiftComponent.xcodeproj */,
				C54A2B7E2B81E95C005E2159 /* SwiftComponentExample */,
				C52F7C732BA9277700374C7F /* SwiftComponentExampleTests */,
				C54144FC2BD89B72002C1658 /* MainC++ */,
				C541453C2BD94059002C1658 /* MainSwift */,
				C54A2B7D2B81E95C005E2159 /* Products */,
			);
			sourceTree = "<group>";
		};
		C54A2B7D2B81E95C005E2159 /* Products */ = {
			isa = PBXGroup;
			children = (
				C54A2B7C2B81E95C005E2159 /* SwiftComponentExample.app */,
				C52F7C722BA9277700374C7F /* SwiftComponentExampleTests.xctest */,
				C54144FB2BD89B72002C1658 /* MainC++ */,
				C541453B2BD94059002C1658 /* MainSwift */,
			);
			name = Products;
			sourceTree = "<group>";
		};
		C54A2B7E2B81E95C005E2159 /* SwiftComponentExample */ = {
			isa = PBXGroup;
			children = (
				C54A2BA02B81ECDF005E2159 /* ViewControllers */,
				C54A2B7F2B81E95C005E2159 /* AppDelegate.swift */,
				C54A2B812B81E95C005E2159 /* SceneDelegate.swift */,
				C51D7C622BA93D5B00709C71 /* UnitTest.swift */,
				C54A2B852B81E95C005E2159 /* Main.storyboard */,
				C54A2B882B81E95D005E2159 /* Assets.xcassets */,
				C54A2B8A2B81E95D005E2159 /* LaunchScreen.storyboard */,
				C54A2B8D2B81E95D005E2159 /* Info.plist */,
			);
			path = SwiftComponentExample;
			sourceTree = "<group>";
		};
		C54A2B942B81E9B0005E2159 /* Products */ = {
			isa = PBXGroup;
			children = (
				C54A2B982B81E9B1005E2159 /* SwiftComponent.framework */,
			);
			name = Products;
			sourceTree = "<group>";
		};
		C54A2BA02B81ECDF005E2159 /* ViewControllers */ = {
			isa = PBXGroup;
			children = (
				C54A2B9D2B81EC95005E2159 /* MainViewController.swift */,
				C54A2BA12B81ED0D005E2159 /* UserProfileViewController.swift */,
				C59D8E5A2BCD21070023A60E /* DetailViewController.swift */,
			);
			path = ViewControllers;
			sourceTree = "<group>";
		};
/* End PBXGroup section */

/* Begin PBXNativeTarget section */
		C52F7C712BA9277700374C7F /* SwiftComponentExampleTests */ = {
			isa = PBXNativeTarget;
			buildConfigurationList = C52F7C782BA9277700374C7F /* Build configuration list for PBXNativeTarget "SwiftComponentExampleTests" */;
			buildPhases = (
				C52F7C6E2BA9277700374C7F /* Sources */,
				C52F7C6F2BA9277700374C7F /* Frameworks */,
				C52F7C702BA9277700374C7F /* Resources */,
			);
			buildRules = (
			);
			dependencies = (
				C52F7C772BA9277700374C7F /* PBXTargetDependency */,
			);
			name = SwiftComponentExampleTests;
			productName = SwiftComponentExampleTests;
			productReference = C52F7C722BA9277700374C7F /* SwiftComponentExampleTests.xctest */;
			productType = "com.apple.product-type.bundle.unit-test";
		};
		C54144FA2BD89B72002C1658 /* MainC++ */ = {
			isa = PBXNativeTarget;
			buildConfigurationList = C54145012BD89B72002C1658 /* Build configuration list for PBXNativeTarget "MainC++" */;
			buildPhases = (
				C54144F72BD89B72002C1658 /* Sources */,
				C54144F82BD89B72002C1658 /* Frameworks */,
				C54144F92BD89B72002C1658 /* CopyFiles */,
			);
			buildRules = (
			);
			dependencies = (
			);
			name = "MainC++";
			productName = "MainC++";
			productReference = C54144FB2BD89B72002C1658 /* MainC++ */;
			productType = "com.apple.product-type.tool";
		};
		C541453A2BD94059002C1658 /* MainSwift */ = {
			isa = PBXNativeTarget;
			buildConfigurationList = C541453F2BD94059002C1658 /* Build configuration list for PBXNativeTarget "MainSwift" */;
			buildPhases = (
				C54145372BD94059002C1658 /* Sources */,
				C54145382BD94059002C1658 /* Frameworks */,
				C54145392BD94059002C1658 /* CopyFiles */,
			);
			buildRules = (
			);
			dependencies = (
			);
			name = MainSwift;
			productName = MainSwift;
			productReference = C541453B2BD94059002C1658 /* MainSwift */;
			productType = "com.apple.product-type.tool";
		};
		C54A2B7B2B81E95C005E2159 /* SwiftComponentExample */ = {
			isa = PBXNativeTarget;
			buildConfigurationList = C54A2B902B81E95D005E2159 /* Build configuration list for PBXNativeTarget "SwiftComponentExample" */;
			buildPhases = (
				C54A2B782B81E95C005E2159 /* Sources */,
				C54A2B792B81E95C005E2159 /* Frameworks */,
				C54A2B7A2B81E95C005E2159 /* Resources */,
			);
			buildRules = (
			);
			dependencies = (
				C54A2B9A2B81E9BF005E2159 /* PBXTargetDependency */,
			);
			name = SwiftComponentExample;
			productName = SwiftComponentExample;
			productReference = C54A2B7C2B81E95C005E2159 /* SwiftComponentExample.app */;
			productType = "com.apple.product-type.application";
		};
/* End PBXNativeTarget section */

/* Begin PBXProject section */
		C54A2B742B81E95C005E2159 /* Project object */ = {
			isa = PBXProject;
			attributes = {
				BuildIndependentTargetsInParallel = 1;
				LastSwiftUpdateCheck = 1530;
				LastUpgradeCheck = 1510;
				TargetAttributes = {
					C52F7C712BA9277700374C7F = {
						CreatedOnToolsVersion = 15.3;
						TestTargetID = C54A2B7B2B81E95C005E2159;
					};
					C54144FA2BD89B72002C1658 = {
						CreatedOnToolsVersion = 15.3;
					};
					C541453A2BD94059002C1658 = {
						CreatedOnToolsVersion = 15.3;
					};
					C54A2B7B2B81E95C005E2159 = {
						CreatedOnToolsVersion = 15.1;
					};
				};
			};
			buildConfigurationList = C54A2B772B81E95C005E2159 /* Build configuration list for PBXProject "SwiftComponentExample" */;
			compatibilityVersion = "Xcode 14.0";
			developmentRegion = en;
			hasScannedForEncodings = 0;
			knownRegions = (
				en,
				Base,
			);
			mainGroup = C54A2B732B81E95C005E2159;
			productRefGroup = C54A2B7D2B81E95C005E2159 /* Products */;
			projectDirPath = "";
			projectReferences = (
				{
					ProductGroup = C54A2B942B81E9B0005E2159 /* Products */;
					ProjectRef = C54A2B932B81E9B0005E2159 /* SwiftComponent.xcodeproj */;
				},
			);
			projectRoot = "";
			targets = (
				C54A2B7B2B81E95C005E2159 /* SwiftComponentExample */,
				C52F7C712BA9277700374C7F /* SwiftComponentExampleTests */,
				C54144FA2BD89B72002C1658 /* MainC++ */,
				C541453A2BD94059002C1658 /* MainSwift */,
			);
		};
/* End PBXProject section */

/* Begin PBXReferenceProxy section */
		C54A2B982B81E9B1005E2159 /* SwiftComponent.framework */ = {
			isa = PBXReferenceProxy;
			fileType = wrapper.framework;
			path = SwiftComponent.framework;
			remoteRef = C54A2B972B81E9B1005E2159 /* PBXContainerItemProxy */;
			sourceTree = BUILT_PRODUCTS_DIR;
		};
/* End PBXReferenceProxy section */

/* Begin PBXResourcesBuildPhase section */
		C52F7C702BA9277700374C7F /* Resources */ = {
			isa = PBXResourcesBuildPhase;
			buildActionMask = 2147483647;
			files = (
			);
			runOnlyForDeploymentPostprocessing = 0;
		};
		C54A2B7A2B81E95C005E2159 /* Resources */ = {
			isa = PBXResourcesBuildPhase;
			buildActionMask = 2147483647;
			files = (
				C54A2B8C2B81E95D005E2159 /* LaunchScreen.storyboard in Resources */,
				C54A2B892B81E95D005E2159 /* Assets.xcassets in Resources */,
				C54A2B872B81E95C005E2159 /* Main.storyboard in Resources */,
			);
			runOnlyForDeploymentPostprocessing = 0;
		};
/* End PBXResourcesBuildPhase section */

/* Begin PBXSourcesBuildPhase section */
		C52F7C6E2BA9277700374C7F /* Sources */ = {
			isa = PBXSourcesBuildPhase;
			buildActionMask = 2147483647;
			files = (
				C52F7C752BA9277700374C7F /* SwiftComponentExampleTests.swift in Sources */,
			);
			runOnlyForDeploymentPostprocessing = 0;
		};
		C54144F72BD89B72002C1658 /* Sources */ = {
			isa = PBXSourcesBuildPhase;
			buildActionMask = 2147483647;
			files = (
				C54144FE2BD89B72002C1658 /* main.cpp in Sources */,
				C54145452BD9E88B002C1658 /* Utils.cpp in Sources */,
			);
			runOnlyForDeploymentPostprocessing = 0;
		};
		C54145372BD94059002C1658 /* Sources */ = {
			isa = PBXSourcesBuildPhase;
			buildActionMask = 2147483647;
			files = (
				C541453E2BD94059002C1658 /* main.swift in Sources */,
			);
			runOnlyForDeploymentPostprocessing = 0;
		};
		C54A2B782B81E95C005E2159 /* Sources */ = {
			isa = PBXSourcesBuildPhase;
			buildActionMask = 2147483647;
			files = (
				C54A2BA22B81ED0D005E2159 /* UserProfileViewController.swift in Sources */,
				C54A2B802B81E95C005E2159 /* AppDelegate.swift in Sources */,
				C54A2B822B81E95C005E2159 /* SceneDelegate.swift in Sources */,
				C59D8E5B2BCD21070023A60E /* DetailViewController.swift in Sources */,
				C54A2B9E2B81EC95005E2159 /* MainViewController.swift in Sources */,
				C51D7C632BA93D5B00709C71 /* UnitTest.swift in Sources */,
			);
			runOnlyForDeploymentPostprocessing = 0;
		};
/* End PBXSourcesBuildPhase section */

/* Begin PBXTargetDependency section */
		C52F7C772BA9277700374C7F /* PBXTargetDependency */ = {
			isa = PBXTargetDependency;
			target = C54A2B7B2B81E95C005E2159 /* SwiftComponentExample */;
			targetProxy = C52F7C762BA9277700374C7F /* PBXContainerItemProxy */;
		};
		C54A2B9A2B81E9BF005E2159 /* PBXTargetDependency */ = {
			isa = PBXTargetDependency;
			name = SwiftComponent;
			targetProxy = C54A2B992B81E9BF005E2159 /* PBXContainerItemProxy */;
		};
/* End PBXTargetDependency section */

/* Begin PBXVariantGroup section */
		C54A2B852B81E95C005E2159 /* Main.storyboard */ = {
			isa = PBXVariantGroup;
			children = (
				C54A2B862B81E95C005E2159 /* Base */,
			);
			name = Main.storyboard;
			sourceTree = "<group>";
		};
		C54A2B8A2B81E95D005E2159 /* LaunchScreen.storyboard */ = {
			isa = PBXVariantGroup;
			children = (
				C54A2B8B2B81E95D005E2159 /* Base */,
			);
			name = LaunchScreen.storyboard;
			sourceTree = "<group>";
		};
/* End PBXVariantGroup section */

/* Begin XCBuildConfiguration section */
		C52F7C792BA9277700374C7F /* Debug */ = {
			isa = XCBuildConfiguration;
			buildSettings = {
				BUNDLE_LOADER = "$(TEST_HOST)";
				CODE_SIGN_STYLE = Automatic;
				CURRENT_PROJECT_VERSION = 1;
				GENERATE_INFOPLIST_FILE = YES;
				IPHONEOS_DEPLOYMENT_TARGET = 15.0;
				MARKETING_VERSION = 1.0;
				PRODUCT_BUNDLE_IDENTIFIER = com.unnoo.quan.SwiftComponentExampleTests;
				PRODUCT_NAME = "$(TARGET_NAME)";
				SWIFT_EMIT_LOC_STRINGS = NO;
				SWIFT_VERSION = 5.0;
				TARGETED_DEVICE_FAMILY = "1,2";
				TEST_HOST = "$(BUILT_PRODUCTS_DIR)/SwiftComponentExample.app/$(BUNDLE_EXECUTABLE_FOLDER_PATH)/SwiftComponentExample";
			};
			name = Debug;
		};
		C52F7C7A2BA9277700374C7F /* Release */ = {
			isa = XCBuildConfiguration;
			buildSettings = {
				BUNDLE_LOADER = "$(TEST_HOST)";
				CODE_SIGN_STYLE = Automatic;
				CURRENT_PROJECT_VERSION = 1;
				GENERATE_INFOPLIST_FILE = YES;
				IPHONEOS_DEPLOYMENT_TARGET = 15.0;
				MARKETING_VERSION = 1.0;
				PRODUCT_BUNDLE_IDENTIFIER = com.unnoo.quan.SwiftComponentExampleTests;
				PRODUCT_NAME = "$(TARGET_NAME)";
				SWIFT_EMIT_LOC_STRINGS = NO;
				SWIFT_VERSION = 5.0;
				TARGETED_DEVICE_FAMILY = "1,2";
				TEST_HOST = "$(BUILT_PRODUCTS_DIR)/SwiftComponentExample.app/$(BUNDLE_EXECUTABLE_FOLDER_PATH)/SwiftComponentExample";
			};
			name = Release;
		};
		C54144FF2BD89B72002C1658 /* Debug */ = {
			isa = XCBuildConfiguration;
			buildSettings = {
				CODE_SIGN_STYLE = Automatic;
				MACOSX_DEPLOYMENT_TARGET = 14.3;
				PRODUCT_NAME = "$(TARGET_NAME)";
				SDKROOT = macosx;
			};
			name = Debug;
		};
		C54145002BD89B72002C1658 /* Release */ = {
			isa = XCBuildConfiguration;
			buildSettings = {
				CODE_SIGN_STYLE = Automatic;
				MACOSX_DEPLOYMENT_TARGET = 14.3;
				PRODUCT_NAME = "$(TARGET_NAME)";
				SDKROOT = macosx;
			};
			name = Release;
		};
		C54145402BD94059002C1658 /* Debug */ = {
			isa = XCBuildConfiguration;
			buildSettings = {
				CODE_SIGN_STYLE = Automatic;
				MACOSX_DEPLOYMENT_TARGET = 14.3;
				PRODUCT_NAME = "$(TARGET_NAME)";
				SDKROOT = macosx;
				SWIFT_VERSION = 5.0;
			};
			name = Debug;
		};
		C54145412BD94059002C1658 /* Release */ = {
			isa = XCBuildConfiguration;
			buildSettings = {
				CODE_SIGN_STYLE = Automatic;
				MACOSX_DEPLOYMENT_TARGET = 14.3;
				PRODUCT_NAME = "$(TARGET_NAME)";
				SDKROOT = macosx;
				SWIFT_VERSION = 5.0;
			};
			name = Release;
		};
		C54A2B8E2B81E95D005E2159 /* Debug */ = {
			isa = XCBuildConfiguration;
			buildSettings = {
				ALWAYS_SEARCH_USER_PATHS = NO;
				ASSETCATALOG_COMPILER_GENERATE_SWIFT_ASSET_SYMBOL_EXTENSIONS = YES;
				CLANG_ANALYZER_NONNULL = YES;
				CLANG_ANALYZER_NUMBER_OBJECT_CONVERSION = YES_AGGRESSIVE;
				CLANG_CXX_LANGUAGE_STANDARD = "gnu++20";
				CLANG_ENABLE_MODULES = YES;
				CLANG_ENABLE_OBJC_ARC = YES;
				CLANG_ENABLE_OBJC_WEAK = YES;
				CLANG_WARN_BLOCK_CAPTURE_AUTORELEASING = YES;
				CLANG_WARN_BOOL_CONVERSION = YES;
				CLANG_WARN_COMMA = YES;
				CLANG_WARN_CONSTANT_CONVERSION = YES;
				CLANG_WARN_DEPRECATED_OBJC_IMPLEMENTATIONS = YES;
				CLANG_WARN_DIRECT_OBJC_ISA_USAGE = YES_ERROR;
				CLANG_WARN_DOCUMENTATION_COMMENTS = YES;
				CLANG_WARN_EMPTY_BODY = YES;
				CLANG_WARN_ENUM_CONVERSION = YES;
				CLANG_WARN_INFINITE_RECURSION = YES;
				CLANG_WARN_INT_CONVERSION = YES;
				CLANG_WARN_NON_LITERAL_NULL_CONVERSION = YES;
				CLANG_WARN_OBJC_IMPLICIT_RETAIN_SELF = YES;
				CLANG_WARN_OBJC_LITERAL_CONVERSION = YES;
				CLANG_WARN_OBJC_ROOT_CLASS = YES_ERROR;
				CLANG_WARN_QUOTED_INCLUDE_IN_FRAMEWORK_HEADER = YES;
				CLANG_WARN_RANGE_LOOP_ANALYSIS = YES;
				CLANG_WARN_STRICT_PROTOTYPES = YES;
				CLANG_WARN_SUSPICIOUS_MOVE = YES;
				CLANG_WARN_UNGUARDED_AVAILABILITY = YES_AGGRESSIVE;
				CLANG_WARN_UNREACHABLE_CODE = YES;
				CLANG_WARN__DUPLICATE_METHOD_MATCH = YES;
				COPY_PHASE_STRIP = NO;
				DEBUG_INFORMATION_FORMAT = dwarf;
				ENABLE_STRICT_OBJC_MSGSEND = YES;
				ENABLE_TESTABILITY = YES;
				ENABLE_USER_SCRIPT_SANDBOXING = YES;
				GCC_C_LANGUAGE_STANDARD = gnu17;
				GCC_DYNAMIC_NO_PIC = NO;
				GCC_NO_COMMON_BLOCKS = YES;
				GCC_OPTIMIZATION_LEVEL = 0;
				GCC_PREPROCESSOR_DEFINITIONS = (
					"DEBUG=1",
					"$(inherited)",
				);
				GCC_WARN_64_TO_32_BIT_CONVERSION = YES;
				GCC_WARN_ABOUT_RETURN_TYPE = YES_ERROR;
				GCC_WARN_UNDECLARED_SELECTOR = YES;
				GCC_WARN_UNINITIALIZED_AUTOS = YES_AGGRESSIVE;
				GCC_WARN_UNUSED_FUNCTION = YES;
				GCC_WARN_UNUSED_VARIABLE = YES;
				IPHONEOS_DEPLOYMENT_TARGET = 13.0;
				LOCALIZATION_PREFERS_STRING_CATALOGS = YES;
				MTL_ENABLE_DEBUG_INFO = INCLUDE_SOURCE;
				MTL_FAST_MATH = YES;
				ONLY_ACTIVE_ARCH = YES;
				SDKROOT = iphoneos;
				SWIFT_ACTIVE_COMPILATION_CONDITIONS = "DEBUG $(inherited)";
				SWIFT_OPTIMIZATION_LEVEL = "-Onone";
			};
			name = Debug;
		};
		C54A2B8F2B81E95D005E2159 /* Release */ = {
			isa = XCBuildConfiguration;
			buildSettings = {
				ALWAYS_SEARCH_USER_PATHS = NO;
				ASSETCATALOG_COMPILER_GENERATE_SWIFT_ASSET_SYMBOL_EXTENSIONS = YES;
				CLANG_ANALYZER_NONNULL = YES;
				CLANG_ANALYZER_NUMBER_OBJECT_CONVERSION = YES_AGGRESSIVE;
				CLANG_CXX_LANGUAGE_STANDARD = "gnu++20";
				CLANG_ENABLE_MODULES = YES;
				CLANG_ENABLE_OBJC_ARC = YES;
				CLANG_ENABLE_OBJC_WEAK = YES;
				CLANG_WARN_BLOCK_CAPTURE_AUTORELEASING = YES;
				CLANG_WARN_BOOL_CONVERSION = YES;
				CLANG_WARN_COMMA = YES;
				CLANG_WARN_CONSTANT_CONVERSION = YES;
				CLANG_WARN_DEPRECATED_OBJC_IMPLEMENTATIONS = YES;
				CLANG_WARN_DIRECT_OBJC_ISA_USAGE = YES_ERROR;
				CLANG_WARN_DOCUMENTATION_COMMENTS = YES;
				CLANG_WARN_EMPTY_BODY = YES;
				CLANG_WARN_ENUM_CONVERSION = YES;
				CLANG_WARN_INFINITE_RECURSION = YES;
				CLANG_WARN_INT_CONVERSION = YES;
				CLANG_WARN_NON_LITERAL_NULL_CONVERSION = YES;
				CLANG_WARN_OBJC_IMPLICIT_RETAIN_SELF = YES;
				CLANG_WARN_OBJC_LITERAL_CONVERSION = YES;
				CLANG_WARN_OBJC_ROOT_CLASS = YES_ERROR;
				CLANG_WARN_QUOTED_INCLUDE_IN_FRAMEWORK_HEADER = YES;
				CLANG_WARN_RANGE_LOOP_ANALYSIS = YES;
				CLANG_WARN_STRICT_PROTOTYPES = YES;
				CLANG_WARN_SUSPICIOUS_MOVE = YES;
				CLANG_WARN_UNGUARDED_AVAILABILITY = YES_AGGRESSIVE;
				CLANG_WARN_UNREACHABLE_CODE = YES;
				CLANG_WARN__DUPLICATE_METHOD_MATCH = YES;
				COPY_PHASE_STRIP = NO;
				DEBUG_INFORMATION_FORMAT = "dwarf-with-dsym";
				ENABLE_NS_ASSERTIONS = NO;
				ENABLE_STRICT_OBJC_MSGSEND = YES;
				ENABLE_USER_SCRIPT_SANDBOXING = YES;
				GCC_C_LANGUAGE_STANDARD = gnu17;
				GCC_NO_COMMON_BLOCKS = YES;
				GCC_WARN_64_TO_32_BIT_CONVERSION = YES;
				GCC_WARN_ABOUT_RETURN_TYPE = YES_ERROR;
				GCC_WARN_UNDECLARED_SELECTOR = YES;
				GCC_WARN_UNINITIALIZED_AUTOS = YES_AGGRESSIVE;
				GCC_WARN_UNUSED_FUNCTION = YES;
				GCC_WARN_UNUSED_VARIABLE = YES;
				IPHONEOS_DEPLOYMENT_TARGET = 13.0;
				LOCALIZATION_PREFERS_STRING_CATALOGS = YES;
				MTL_ENABLE_DEBUG_INFO = NO;
				MTL_FAST_MATH = YES;
				SDKROOT = iphoneos;
				SWIFT_COMPILATION_MODE = wholemodule;
				VALIDATE_PRODUCT = YES;
			};
			name = Release;
		};
		C54A2B912B81E95D005E2159 /* Debug */ = {
			isa = XCBuildConfiguration;
			buildSettings = {
				ASSETCATALOG_COMPILER_APPICON_NAME = AppIcon;
				ASSETCATALOG_COMPILER_GLOBAL_ACCENT_COLOR_NAME = AccentColor;
				CODE_SIGN_STYLE = Automatic;
				CURRENT_PROJECT_VERSION = 1;
				GENERATE_INFOPLIST_FILE = YES;
				INFOPLIST_FILE = SwiftComponentExample/Info.plist;
				INFOPLIST_KEY_UIApplicationSupportsIndirectInputEvents = YES;
				INFOPLIST_KEY_UILaunchStoryboardName = LaunchScreen;
				INFOPLIST_KEY_UIMainStoryboardFile = Main;
				INFOPLIST_KEY_UISupportedInterfaceOrientations_iPad = "UIInterfaceOrientationPortrait UIInterfaceOrientationPortraitUpsideDown UIInterfaceOrientationLandscapeLeft UIInterfaceOrientationLandscapeRight";
				INFOPLIST_KEY_UISupportedInterfaceOrientations_iPhone = "UIInterfaceOrientationPortrait UIInterfaceOrientationLandscapeLeft UIInterfaceOrientationLandscapeRight";
				IPHONEOS_DEPLOYMENT_TARGET = 13.0;
				LD_RUNPATH_SEARCH_PATHS = (
					"$(inherited)",
					"@executable_path/Frameworks",
				);
				MARKETING_VERSION = 1.0;
				PRODUCT_BUNDLE_IDENTIFIER = com.unnoo.quan.SwiftComponentExample;
				PRODUCT_NAME = "$(TARGET_NAME)";
				SWIFT_EMIT_LOC_STRINGS = YES;
				SWIFT_VERSION = 5.0;
				TARGETED_DEVICE_FAMILY = "1,2";
			};
			name = Debug;
		};
		C54A2B922B81E95D005E2159 /* Release */ = {
			isa = XCBuildConfiguration;
			buildSettings = {
				ASSETCATALOG_COMPILER_APPICON_NAME = AppIcon;
				ASSETCATALOG_COMPILER_GLOBAL_ACCENT_COLOR_NAME = AccentColor;
				CODE_SIGN_STYLE = Automatic;
				CURRENT_PROJECT_VERSION = 1;
				GENERATE_INFOPLIST_FILE = YES;
				INFOPLIST_FILE = SwiftComponentExample/Info.plist;
				INFOPLIST_KEY_UIApplicationSupportsIndirectInputEvents = YES;
				INFOPLIST_KEY_UILaunchStoryboardName = LaunchScreen;
				INFOPLIST_KEY_UIMainStoryboardFile = Main;
				INFOPLIST_KEY_UISupportedInterfaceOrientations_iPad = "UIInterfaceOrientationPortrait UIInterfaceOrientationPortraitUpsideDown UIInterfaceOrientationLandscapeLeft UIInterfaceOrientationLandscapeRight";
				INFOPLIST_KEY_UISupportedInterfaceOrientations_iPhone = "UIInterfaceOrientationPortrait UIInterfaceOrientationLandscapeLeft UIInterfaceOrientationLandscapeRight";
				IPHONEOS_DEPLOYMENT_TARGET = 13.0;
				LD_RUNPATH_SEARCH_PATHS = (
					"$(inherited)",
					"@executable_path/Frameworks",
				);
				MARKETING_VERSION = 1.0;
				PRODUCT_BUNDLE_IDENTIFIER = com.unnoo.quan.SwiftComponentExample;
				PRODUCT_NAME = "$(TARGET_NAME)";
				SWIFT_EMIT_LOC_STRINGS = YES;
				SWIFT_VERSION = 5.0;
				TARGETED_DEVICE_FAMILY = "1,2";
			};
			name = Release;
		};
/* End XCBuildConfiguration section */

/* Begin XCConfigurationList section */
		C52F7C782BA9277700374C7F /* Build configuration list for PBXNativeTarget "SwiftComponentExampleTests" */ = {
			isa = XCConfigurationList;
			buildConfigurations = (
				C52F7C792BA9277700374C7F /* Debug */,
				C52F7C7A2BA9277700374C7F /* Release */,
			);
			defaultConfigurationIsVisible = 0;
			defaultConfigurationName = Release;
		};
		C54145012BD89B72002C1658 /* Build configuration list for PBXNativeTarget "MainC++" */ = {
			isa = XCConfigurationList;
			buildConfigurations = (
				C54144FF2BD89B72002C1658 /* Debug */,
				C54145002BD89B72002C1658 /* Release */,
			);
			defaultConfigurationIsVisible = 0;
			defaultConfigurationName = Release;
		};
		C541453F2BD94059002C1658 /* Build configuration list for PBXNativeTarget "MainSwift" */ = {
			isa = XCConfigurationList;
			buildConfigurations = (
				C54145402BD94059002C1658 /* Debug */,
				C54145412BD94059002C1658 /* Release */,
			);
			defaultConfigurationIsVisible = 0;
			defaultConfigurationName = Release;
		};
		C54A2B772B81E95C005E2159 /* Build configuration list for PBXProject "SwiftComponentExample" */ = {
			isa = XCConfigurationList;
			buildConfigurations = (
				C54A2B8E2B81E95D005E2159 /* Debug */,
				C54A2B8F2B81E95D005E2159 /* Release */,
			);
			defaultConfigurationIsVisible = 0;
			defaultConfigurationName = Release;
		};
		C54A2B902B81E95D005E2159 /* Build configuration list for PBXNativeTarget "SwiftComponentExample" */ = {
			isa = XCConfigurationList;
			buildConfigurations = (
				C54A2B912B81E95D005E2159 /* Debug */,
				C54A2B922B81E95D005E2159 /* Release */,
			);
			defaultConfigurationIsVisible = 0;
			defaultConfigurationName = Release;
		};
/* End XCConfigurationList section */
	};
	rootObject = C54A2B742B81E95C005E2159 /* Project object */;
}
